
Microsoft Visual Studio Solution File, Format Version 12.00
# Visual Studio Version 17
VisualStudioVersion = 17.0.31903.59
MinimumVisualStudioVersion = 10.0.40219.1
Project("{2150E333-8FDC-42A3-9474-1A3956D46DE8}") = "src", "src", "{94B5D9FB-57A0-42C1-8F9B-6FAD78ADA80D}"
EndProject
Project("{FAE04EC0-301F-11D3-BF4B-00C04F79EFBC}") = "W4S.Gateway.Console", "src\W4S.Gateway.Console\W4S.Gateway.Console.csproj", "{7BE21840-1DEC-4748-8E44-0BC2E6A95189}"
EndProject
Global
	GlobalSection(SolutionConfigurationPlatforms) = preSolution
		Debug|Any CPU = Debug|Any CPU
		Release|Any CPU = Release|Any CPU
	EndGlobalSection
	GlobalSection(ProjectConfigurationPlatforms) = postSolution
		{7BE21840-1DEC-4748-8E44-0BC2E6A95189}.Debug|Any CPU.ActiveCfg = Debug|Any CPU
		{7BE21840-1DEC-4748-8E44-0BC2E6A95189}.Debug|Any CPU.Build.0 = Debug|Any CPU
		{7BE21840-1DEC-4748-8E44-0BC2E6A95189}.Release|Any CPU.ActiveCfg = Release|Any CPU
		{7BE21840-1DEC-4748-8E44-0BC2E6A95189}.Release|Any CPU.Build.0 = Release|Any CPU
	EndGlobalSection
	GlobalSection(SolutionProperties) = preSolution
		HideSolutionNode = FALSE
	EndGlobalSection
	GlobalSection(ExtensibilityGlobals) = postSolution
		SolutionGuid = {A924143F-E987-4222-B089-5827F1A66624}
	EndGlobalSection
	GlobalSection(NestedProjects) = preSolution
		{7BE21840-1DEC-4748-8E44-0BC2E6A95189} = {94B5D9FB-57A0-42C1-8F9B-6FAD78ADA80D}
	EndGlobalSection
EndGlobal
