
Microsoft Visual Studio Solution File, Format Version 12.00
# Visual Studio Version 17
VisualStudioVersion = 17.4.33205.214
MinimumVisualStudioVersion = 10.0.40219.1
Project("{FAE04EC0-301F-11D3-BF4B-00C04F79EFBC}") = "W4S.ProfilesService", "W4S.ProfilesService\W4S.ProfilesService.csproj", "{2B84C513-B450-4A17-A0E0-D1BD7F3F79F5}"
EndProject
Global
	GlobalSection(SolutionConfigurationPlatforms) = preSolution
		Debug|Any CPU = Debug|Any CPU
		Release|Any CPU = Release|Any CPU
	EndGlobalSection
	GlobalSection(ProjectConfigurationPlatforms) = postSolution
		{2B84C513-B450-4A17-A0E0-D1BD7F3F79F5}.Debug|Any CPU.ActiveCfg = Debug|Any CPU
		{2B84C513-B450-4A17-A0E0-D1BD7F3F79F5}.Debug|Any CPU.Build.0 = Debug|Any CPU
		{2B84C513-B450-4A17-A0E0-D1BD7F3F79F5}.Release|Any CPU.ActiveCfg = Release|Any CPU
		{2B84C513-B450-4A17-A0E0-D1BD7F3F79F5}.Release|Any CPU.Build.0 = Release|Any CPU
	EndGlobalSection
	GlobalSection(SolutionProperties) = preSolution
		HideSolutionNode = FALSE
	EndGlobalSection
	GlobalSection(ExtensibilityGlobals) = postSolution
		SolutionGuid = {1F0276CA-09ED-46FB-B05E-AA616F820F11}
	EndGlobalSection
EndGlobal
