
Microsoft Visual Studio Solution File, Format Version 12.00
# Visual Studio Version 17
VisualStudioVersion = 17.4.33110.190
MinimumVisualStudioVersion = 10.0.40219.1
Project("{9A19103F-16F7-4668-BE54-9A1E7A4F7556}") = "W4SRegistrationMicroservice.API", "W4SRegistrationMicroservice\W4SRegistrationMicroservice.API.csproj", "{1304C12A-7AE6-42B7-A28A-DC6DABFBD1FC}"
	ProjectSection(ProjectDependencies) = postProject
		{CEE24135-B2EA-464C-B301-0B43DC2FAA65} = {CEE24135-B2EA-464C-B301-0B43DC2FAA65}
	EndProjectSection
EndProject
Project("{9A19103F-16F7-4668-BE54-9A1E7A4F7556}") = "W4SRegistrationMicroservice.Data", "W4SRegistrationMicroservice.Data\W4SRegistrationMicroservice.Data.csproj", "{CEE24135-B2EA-464C-B301-0B43DC2FAA65}"
EndProject
Global
	GlobalSection(SolutionConfigurationPlatforms) = preSolution
		Debug|Any CPU = Debug|Any CPU
		Release|Any CPU = Release|Any CPU
	EndGlobalSection
	GlobalSection(ProjectConfigurationPlatforms) = postSolution
		{1304C12A-7AE6-42B7-A28A-DC6DABFBD1FC}.Debug|Any CPU.ActiveCfg = Debug|Any CPU
		{1304C12A-7AE6-42B7-A28A-DC6DABFBD1FC}.Debug|Any CPU.Build.0 = Debug|Any CPU
		{1304C12A-7AE6-42B7-A28A-DC6DABFBD1FC}.Release|Any CPU.ActiveCfg = Release|Any CPU
		{1304C12A-7AE6-42B7-A28A-DC6DABFBD1FC}.Release|Any CPU.Build.0 = Release|Any CPU
		{CEE24135-B2EA-464C-B301-0B43DC2FAA65}.Debug|Any CPU.ActiveCfg = Debug|Any CPU
		{CEE24135-B2EA-464C-B301-0B43DC2FAA65}.Debug|Any CPU.Build.0 = Debug|Any CPU
		{CEE24135-B2EA-464C-B301-0B43DC2FAA65}.Release|Any CPU.ActiveCfg = Release|Any CPU
		{CEE24135-B2EA-464C-B301-0B43DC2FAA65}.Release|Any CPU.Build.0 = Release|Any CPU
	EndGlobalSection
	GlobalSection(SolutionProperties) = preSolution
		HideSolutionNode = FALSE
	EndGlobalSection
	GlobalSection(ExtensibilityGlobals) = postSolution
		SolutionGuid = {FCFBE565-A3AE-4C2B-99C7-A779B92ACC0D}
	EndGlobalSection
EndGlobal
